
Microsoft Visual Studio Solution File, Format Version 12.00
# Visual Studio 2013
VisualStudioVersion = 12.0.31101.0
MinimumVisualStudioVersion = 10.0.40219.1
Project("{8BC9CEB8-8B4A-11D0-8D11-00A0C91BC942}") = "common", "common\common.vcxproj", "{3B8A99C6-9671-40B1-9157-7ECEC83906E7}"
EndProject
Project("{8BC9CEB8-8B4A-11D0-8D11-00A0C91BC942}") = "tests", "tests\tests.vcxproj", "{2024E085-4EF1-45AC-9449-0FA5B3F02664}"
	ProjectSection(ProjectDependencies) = postProject
		{C8414D2E-ED9E-498B-943B-DB95C70BB572} = {C8414D2E-ED9E-498B-943B-DB95C70BB572}
		{9BC80236-9F6B-489E-87F7-9BAF63EFBBBB} = {9BC80236-9F6B-489E-87F7-9BAF63EFBBBB}
		{D0334350-663E-42FB-AF58-2CBC6A0F7680} = {D0334350-663E-42FB-AF58-2CBC6A0F7680}
		{40D0F0BE-4866-4C5E-93CC-C384B99696D0} = {40D0F0BE-4866-4C5E-93CC-C384B99696D0}
		{3B8A99C6-9671-40B1-9157-7ECEC83906E7} = {3B8A99C6-9671-40B1-9157-7ECEC83906E7}
		{837D01F0-0758-4DD3-8867-8F6358FE4CE0} = {837D01F0-0758-4DD3-8867-8F6358FE4CE0}
	EndProjectSection
EndProject
Project("{8BC9CEB8-8B4A-11D0-8D11-00A0C91BC942}") = "buffer", "buffer\buffer.vcxproj", "{837D01F0-0758-4DD3-8867-8F6358FE4CE0}"
EndProject
Project("{8BC9CEB8-8B4A-11D0-8D11-00A0C91BC942}") = "diagnostics", "diagnostics\diagnostics.vcxproj", "{C8414D2E-ED9E-498B-943B-DB95C70BB572}"
EndProject
Project("{8BC9CEB8-8B4A-11D0-8D11-00A0C91BC942}") = "threading", "threading\threading.vcxproj", "{D0334350-663E-42FB-AF58-2CBC6A0F7680}"
EndProject
Project("{8BC9CEB8-8B4A-11D0-8D11-00A0C91BC942}") = "io", "io\io.vcxproj", "{9BC80236-9F6B-489E-87F7-9BAF63EFBBBB}"
EndProject
Project("{8BC9CEB8-8B4A-11D0-8D11-00A0C91BC942}") = "transport", "transport\transport.vcxproj", "{40D0F0BE-4866-4C5E-93CC-C384B99696D0}"
EndProject
Project("{8BC9CEB8-8B4A-11D0-8D11-00A0C91BC942}") = "transport-ssl", "transport-ssl\transport-ssl.vcxproj", "{3A4B5A56-E98D-4BE6-A7AC-AE5031A959B0}"
EndProject
Project("{8BC9CEB8-8B4A-11D0-8D11-00A0C91BC942}") = "media", "media\media.vcxproj", "{EE606876-FAA3-4BAA-8213-13916B5EB90B}"
EndProject
Global
	GlobalSection(SolutionConfigurationPlatforms) = preSolution
		Debug|Win32 = Debug|Win32
		Release|Win32 = Release|Win32
	EndGlobalSection
	GlobalSection(ProjectConfigurationPlatforms) = postSolution
		{3B8A99C6-9671-40B1-9157-7ECEC83906E7}.Debug|Win32.ActiveCfg = Debug|Win32
		{3B8A99C6-9671-40B1-9157-7ECEC83906E7}.Debug|Win32.Build.0 = Debug|Win32
		{3B8A99C6-9671-40B1-9157-7ECEC83906E7}.Release|Win32.ActiveCfg = Release|Win32
		{3B8A99C6-9671-40B1-9157-7ECEC83906E7}.Release|Win32.Build.0 = Release|Win32
		{2024E085-4EF1-45AC-9449-0FA5B3F02664}.Debug|Win32.ActiveCfg = Debug|Win32
		{2024E085-4EF1-45AC-9449-0FA5B3F02664}.Debug|Win32.Build.0 = Debug|Win32
		{2024E085-4EF1-45AC-9449-0FA5B3F02664}.Release|Win32.ActiveCfg = Release|Win32
		{2024E085-4EF1-45AC-9449-0FA5B3F02664}.Release|Win32.Build.0 = Release|Win32
		{837D01F0-0758-4DD3-8867-8F6358FE4CE0}.Debug|Win32.ActiveCfg = Debug|Win32
		{837D01F0-0758-4DD3-8867-8F6358FE4CE0}.Debug|Win32.Build.0 = Debug|Win32
		{837D01F0-0758-4DD3-8867-8F6358FE4CE0}.Release|Win32.ActiveCfg = Release|Win32
		{837D01F0-0758-4DD3-8867-8F6358FE4CE0}.Release|Win32.Build.0 = Release|Win32
		{C8414D2E-ED9E-498B-943B-DB95C70BB572}.Debug|Win32.ActiveCfg = Debug|Win32
		{C8414D2E-ED9E-498B-943B-DB95C70BB572}.Debug|Win32.Build.0 = Debug|Win32
		{C8414D2E-ED9E-498B-943B-DB95C70BB572}.Release|Win32.ActiveCfg = Release|Win32
		{C8414D2E-ED9E-498B-943B-DB95C70BB572}.Release|Win32.Build.0 = Release|Win32
		{D0334350-663E-42FB-AF58-2CBC6A0F7680}.Debug|Win32.ActiveCfg = Debug|Win32
		{D0334350-663E-42FB-AF58-2CBC6A0F7680}.Debug|Win32.Build.0 = Debug|Win32
		{D0334350-663E-42FB-AF58-2CBC6A0F7680}.Release|Win32.ActiveCfg = Release|Win32
		{D0334350-663E-42FB-AF58-2CBC6A0F7680}.Release|Win32.Build.0 = Release|Win32
		{9BC80236-9F6B-489E-87F7-9BAF63EFBBBB}.Debug|Win32.ActiveCfg = Debug|Win32
		{9BC80236-9F6B-489E-87F7-9BAF63EFBBBB}.Debug|Win32.Build.0 = Debug|Win32
		{9BC80236-9F6B-489E-87F7-9BAF63EFBBBB}.Release|Win32.ActiveCfg = Release|Win32
		{9BC80236-9F6B-489E-87F7-9BAF63EFBBBB}.Release|Win32.Build.0 = Release|Win32
		{40D0F0BE-4866-4C5E-93CC-C384B99696D0}.Debug|Win32.ActiveCfg = Debug|Win32
		{40D0F0BE-4866-4C5E-93CC-C384B99696D0}.Debug|Win32.Build.0 = Debug|Win32
		{40D0F0BE-4866-4C5E-93CC-C384B99696D0}.Release|Win32.ActiveCfg = Release|Win32
		{40D0F0BE-4866-4C5E-93CC-C384B99696D0}.Release|Win32.Build.0 = Release|Win32
		{3A4B5A56-E98D-4BE6-A7AC-AE5031A959B0}.Debug|Win32.ActiveCfg = Debug|Win32
		{3A4B5A56-E98D-4BE6-A7AC-AE5031A959B0}.Debug|Win32.Build.0 = Debug|Win32
		{3A4B5A56-E98D-4BE6-A7AC-AE5031A959B0}.Release|Win32.ActiveCfg = Release|Win32
		{3A4B5A56-E98D-4BE6-A7AC-AE5031A959B0}.Release|Win32.Build.0 = Release|Win32
		{EE606876-FAA3-4BAA-8213-13916B5EB90B}.Debug|Win32.ActiveCfg = Debug|Win32
		{EE606876-FAA3-4BAA-8213-13916B5EB90B}.Debug|Win32.Build.0 = Debug|Win32
		{EE606876-FAA3-4BAA-8213-13916B5EB90B}.Release|Win32.ActiveCfg = Release|Win32
		{EE606876-FAA3-4BAA-8213-13916B5EB90B}.Release|Win32.Build.0 = Release|Win32
	EndGlobalSection
	GlobalSection(SolutionProperties) = preSolution
		HideSolutionNode = FALSE
	EndGlobalSection
EndGlobal
