
Microsoft Visual Studio Solution File, Format Version 12.00
# Visual Studio 2013
VisualStudioVersion = 12.0.21005.1
MinimumVisualStudioVersion = 10.0.40219.1
Project("{8BC9CEB8-8B4A-11D0-8D11-00A0C91BC942}") = "common", "common\common.vcxproj", "{3B8A99C6-9671-40B1-9157-7ECEC83906E7}"
EndProject
Project("{8BC9CEB8-8B4A-11D0-8D11-00A0C91BC942}") = "tests", "tests\tests.vcxproj", "{2024E085-4EF1-45AC-9449-0FA5B3F02664}"
	ProjectSection(ProjectDependencies) = postProject
		{C8414D2E-ED9E-498B-943B-DB95C70BB572} = {C8414D2E-ED9E-498B-943B-DB95C70BB572}
		{9BC80236-9F6B-489E-87F7-9BAF63EFBBBB} = {9BC80236-9F6B-489E-87F7-9BAF63EFBBBB}
		{D0334350-663E-42FB-AF58-2CBC6A0F7680} = {D0334350-663E-42FB-AF58-2CBC6A0F7680}
		{40D0F0BE-4866-4C5E-93CC-C384B99696D0} = {40D0F0BE-4866-4C5E-93CC-C384B99696D0}
		{3B8A99C6-9671-40B1-9157-7ECEC83906E7} = {3B8A99C6-9671-40B1-9157-7ECEC83906E7}
		{837D01F0-0758-4DD3-8867-8F6358FE4CE0} = {837D01F0-0758-4DD3-8867-8F6358FE4CE0}
	EndProjectSection
EndProject
Project("{8BC9CEB8-8B4A-11D0-8D11-00A0C91BC942}") = "buffer", "buffer\buffer.vcxproj", "{837D01F0-0758-4DD3-8867-8F6358FE4CE0}"
EndProject
Project("{8BC9CEB8-8B4A-11D0-8D11-00A0C91BC942}") = "diagnostics", "diagnostics\diagnostics.vcxproj", "{C8414D2E-ED9E-498B-943B-DB95C70BB572}"
EndProject
Project("{8BC9CEB8-8B4A-11D0-8D11-00A0C91BC942}") = "threading", "threading\threading.vcxproj", "{D0334350-663E-42FB-AF58-2CBC6A0F7680}"
EndProject
Project("{8BC9CEB8-8B4A-11D0-8D11-00A0C91BC942}") = "io", "io\io.vcxproj", "{9BC80236-9F6B-489E-87F7-9BAF63EFBBBB}"
EndProject
Project("{8BC9CEB8-8B4A-11D0-8D11-00A0C91BC942}") = "transport", "transport\transport.vcxproj", "{40D0F0BE-4866-4C5E-93CC-C384B99696D0}"
EndProject
Project("{8BC9CEB8-8B4A-11D0-8D11-00A0C91BC942}") = "transport-ssl", "transport-ssl\transport-ssl.vcxproj", "{3A4B5A56-E98D-4BE6-A7AC-AE5031A959B0}"
EndProject
Project("{8BC9CEB8-8B4A-11D0-8D11-00A0C91BC942}") = "media", "media\media.vcxproj", "{EE606876-FAA3-4BAA-8213-13916B5EB90B}"
EndProject
Project("{8BC9CEB8-8B4A-11D0-8D11-00A0C91BC942}") = "transport-zlib", "transport-zlib\transport-zlib.vcxproj", "{73623FDF-E3F4-4079-8F43-5683FBA76EE9}"
EndProject
Project("{2150E333-8FDC-42A3-9474-1A3956D46DE8}") = "libs", "libs", "{953CC72C-8AD5-4CB8-B6EA-D851C9D81268}"
EndProject
Project("{2150E333-8FDC-42A3-9474-1A3956D46DE8}") = "tests", "tests", "{FB6E7B14-F863-4729-B0B0-98B2FB181221}"
EndProject
Project("{8BC9CEB8-8B4A-11D0-8D11-00A0C91BC942}") = "SSLEchoServer", "SSLEchoServer\SSLEchoServer.vcxproj", "{48718161-B93B-4EFA-902D-1DA840552C38}"
EndProject
Project("{8BC9CEB8-8B4A-11D0-8D11-00A0C91BC942}") = "transport-python", "transport-python\transport-python.vcxproj", "{88EC8FAA-7A03-4B1E-B0FA-B4F0F4DD6E27}"
EndProject
Project("{8BC9CEB8-8B4A-11D0-8D11-00A0C91BC942}") = "tcode", "tcode\tcode.vcxproj", "{CEA54829-1F5B-4EAF-AAAB-B304B0066634}"
EndProject
Global
	GlobalSection(SolutionConfigurationPlatforms) = preSolution
		Debug|Win32 = Debug|Win32
		Release|Win32 = Release|Win32
	EndGlobalSection
	GlobalSection(ProjectConfigurationPlatforms) = postSolution
		{3B8A99C6-9671-40B1-9157-7ECEC83906E7}.Debug|Win32.ActiveCfg = Debug|Win32
		{3B8A99C6-9671-40B1-9157-7ECEC83906E7}.Debug|Win32.Build.0 = Debug|Win32
		{3B8A99C6-9671-40B1-9157-7ECEC83906E7}.Release|Win32.ActiveCfg = Release|Win32
		{3B8A99C6-9671-40B1-9157-7ECEC83906E7}.Release|Win32.Build.0 = Release|Win32
		{2024E085-4EF1-45AC-9449-0FA5B3F02664}.Debug|Win32.ActiveCfg = Debug|Win32
		{2024E085-4EF1-45AC-9449-0FA5B3F02664}.Debug|Win32.Build.0 = Debug|Win32
		{2024E085-4EF1-45AC-9449-0FA5B3F02664}.Release|Win32.ActiveCfg = Release|Win32
		{2024E085-4EF1-45AC-9449-0FA5B3F02664}.Release|Win32.Build.0 = Release|Win32
		{837D01F0-0758-4DD3-8867-8F6358FE4CE0}.Debug|Win32.ActiveCfg = Debug|Win32
		{837D01F0-0758-4DD3-8867-8F6358FE4CE0}.Debug|Win32.Build.0 = Debug|Win32
		{837D01F0-0758-4DD3-8867-8F6358FE4CE0}.Release|Win32.ActiveCfg = Release|Win32
		{837D01F0-0758-4DD3-8867-8F6358FE4CE0}.Release|Win32.Build.0 = Release|Win32
		{C8414D2E-ED9E-498B-943B-DB95C70BB572}.Debug|Win32.ActiveCfg = Debug|Win32
		{C8414D2E-ED9E-498B-943B-DB95C70BB572}.Debug|Win32.Build.0 = Debug|Win32
		{C8414D2E-ED9E-498B-943B-DB95C70BB572}.Release|Win32.ActiveCfg = Release|Win32
		{C8414D2E-ED9E-498B-943B-DB95C70BB572}.Release|Win32.Build.0 = Release|Win32
		{D0334350-663E-42FB-AF58-2CBC6A0F7680}.Debug|Win32.ActiveCfg = Debug|Win32
		{D0334350-663E-42FB-AF58-2CBC6A0F7680}.Debug|Win32.Build.0 = Debug|Win32
		{D0334350-663E-42FB-AF58-2CBC6A0F7680}.Release|Win32.ActiveCfg = Release|Win32
		{D0334350-663E-42FB-AF58-2CBC6A0F7680}.Release|Win32.Build.0 = Release|Win32
		{9BC80236-9F6B-489E-87F7-9BAF63EFBBBB}.Debug|Win32.ActiveCfg = Debug|Win32
		{9BC80236-9F6B-489E-87F7-9BAF63EFBBBB}.Debug|Win32.Build.0 = Debug|Win32
		{9BC80236-9F6B-489E-87F7-9BAF63EFBBBB}.Release|Win32.ActiveCfg = Release|Win32
		{9BC80236-9F6B-489E-87F7-9BAF63EFBBBB}.Release|Win32.Build.0 = Release|Win32
		{40D0F0BE-4866-4C5E-93CC-C384B99696D0}.Debug|Win32.ActiveCfg = Debug|Win32
		{40D0F0BE-4866-4C5E-93CC-C384B99696D0}.Debug|Win32.Build.0 = Debug|Win32
		{40D0F0BE-4866-4C5E-93CC-C384B99696D0}.Release|Win32.ActiveCfg = Release|Win32
		{40D0F0BE-4866-4C5E-93CC-C384B99696D0}.Release|Win32.Build.0 = Release|Win32
		{3A4B5A56-E98D-4BE6-A7AC-AE5031A959B0}.Debug|Win32.ActiveCfg = Debug|Win32
		{3A4B5A56-E98D-4BE6-A7AC-AE5031A959B0}.Debug|Win32.Build.0 = Debug|Win32
		{3A4B5A56-E98D-4BE6-A7AC-AE5031A959B0}.Release|Win32.ActiveCfg = Release|Win32
		{3A4B5A56-E98D-4BE6-A7AC-AE5031A959B0}.Release|Win32.Build.0 = Release|Win32
		{EE606876-FAA3-4BAA-8213-13916B5EB90B}.Debug|Win32.ActiveCfg = Debug|Win32
		{EE606876-FAA3-4BAA-8213-13916B5EB90B}.Debug|Win32.Build.0 = Debug|Win32
		{EE606876-FAA3-4BAA-8213-13916B5EB90B}.Release|Win32.ActiveCfg = Release|Win32
		{EE606876-FAA3-4BAA-8213-13916B5EB90B}.Release|Win32.Build.0 = Release|Win32
		{73623FDF-E3F4-4079-8F43-5683FBA76EE9}.Debug|Win32.ActiveCfg = Debug|Win32
		{73623FDF-E3F4-4079-8F43-5683FBA76EE9}.Debug|Win32.Build.0 = Debug|Win32
		{73623FDF-E3F4-4079-8F43-5683FBA76EE9}.Release|Win32.ActiveCfg = Release|Win32
		{73623FDF-E3F4-4079-8F43-5683FBA76EE9}.Release|Win32.Build.0 = Release|Win32
		{48718161-B93B-4EFA-902D-1DA840552C38}.Debug|Win32.ActiveCfg = Debug|Win32
		{48718161-B93B-4EFA-902D-1DA840552C38}.Debug|Win32.Build.0 = Debug|Win32
		{48718161-B93B-4EFA-902D-1DA840552C38}.Release|Win32.ActiveCfg = Release|Win32
		{48718161-B93B-4EFA-902D-1DA840552C38}.Release|Win32.Build.0 = Release|Win32
		{88EC8FAA-7A03-4B1E-B0FA-B4F0F4DD6E27}.Debug|Win32.ActiveCfg = Debug|Win32
		{88EC8FAA-7A03-4B1E-B0FA-B4F0F4DD6E27}.Debug|Win32.Build.0 = Debug|Win32
		{88EC8FAA-7A03-4B1E-B0FA-B4F0F4DD6E27}.Release|Win32.ActiveCfg = Release|Win32
		{88EC8FAA-7A03-4B1E-B0FA-B4F0F4DD6E27}.Release|Win32.Build.0 = Release|Win32
		{CEA54829-1F5B-4EAF-AAAB-B304B0066634}.Debug|Win32.ActiveCfg = Debug|Win32
		{CEA54829-1F5B-4EAF-AAAB-B304B0066634}.Debug|Win32.Build.0 = Debug|Win32
		{CEA54829-1F5B-4EAF-AAAB-B304B0066634}.Release|Win32.ActiveCfg = Release|Win32
		{CEA54829-1F5B-4EAF-AAAB-B304B0066634}.Release|Win32.Build.0 = Release|Win32
	EndGlobalSection
	GlobalSection(SolutionProperties) = preSolution
		HideSolutionNode = FALSE
	EndGlobalSection
	GlobalSection(NestedProjects) = preSolution
		{837D01F0-0758-4DD3-8867-8F6358FE4CE0} = {953CC72C-8AD5-4CB8-B6EA-D851C9D81268}
		{C8414D2E-ED9E-498B-943B-DB95C70BB572} = {953CC72C-8AD5-4CB8-B6EA-D851C9D81268}
		{D0334350-663E-42FB-AF58-2CBC6A0F7680} = {953CC72C-8AD5-4CB8-B6EA-D851C9D81268}
		{9BC80236-9F6B-489E-87F7-9BAF63EFBBBB} = {953CC72C-8AD5-4CB8-B6EA-D851C9D81268}
		{40D0F0BE-4866-4C5E-93CC-C384B99696D0} = {953CC72C-8AD5-4CB8-B6EA-D851C9D81268}
		{3A4B5A56-E98D-4BE6-A7AC-AE5031A959B0} = {953CC72C-8AD5-4CB8-B6EA-D851C9D81268}
		{EE606876-FAA3-4BAA-8213-13916B5EB90B} = {953CC72C-8AD5-4CB8-B6EA-D851C9D81268}
		{73623FDF-E3F4-4079-8F43-5683FBA76EE9} = {953CC72C-8AD5-4CB8-B6EA-D851C9D81268}
		{3B8A99C6-9671-40B1-9157-7ECEC83906E7} = {953CC72C-8AD5-4CB8-B6EA-D851C9D81268}
		{88EC8FAA-7A03-4B1E-B0FA-B4F0F4DD6E27} = {953CC72C-8AD5-4CB8-B6EA-D851C9D81268}
		{CEA54829-1F5B-4EAF-AAAB-B304B0066634} = {953CC72C-8AD5-4CB8-B6EA-D851C9D81268}
		{2024E085-4EF1-45AC-9449-0FA5B3F02664} = {FB6E7B14-F863-4729-B0B0-98B2FB181221}
		{48718161-B93B-4EFA-902D-1DA840552C38} = {FB6E7B14-F863-4729-B0B0-98B2FB181221}
	EndGlobalSection
EndGlobal
