<?xml version="1.0" encoding="utf-8"?>
<Project ToolsVersion="4.0" xmlns="http://schemas.microsoft.com/developer/msbuild/2003">
  <ItemGroup>
    <Filter Include="common">
      <UniqueIdentifier>{681a5107-5b56-4a92-a2d2-0630c51614f7}</UniqueIdentifier>
    </Filter>
  </ItemGroup>
  <ItemGroup>
    <ClInclude Include="aligned_storage.hpp">
      <Filter>common</Filter>
    </ClInclude>
    <ClInclude Include="closure.hpp">
      <Filter>common</Filter>
    </ClInclude>
    <ClInclude Include="compile_time_error.hpp">
      <Filter>common</Filter>
    </ClInclude>
    <ClInclude Include="define.hpp">
      <Filter>common</Filter>
    </ClInclude>
    <ClInclude Include="lib_allocator.hpp">
      <Filter>common</Filter>
    </ClInclude>
    <ClInclude Include="rtti.hpp">
      <Filter>common</Filter>
    </ClInclude>
    <ClInclude Include="string.hpp">
      <Filter>common</Filter>
    </ClInclude>
    <ClInclude Include="time_span.hpp">
      <Filter>common</Filter>
    </ClInclude>
    <ClInclude Include="time_stamp.hpp">
      <Filter>common</Filter>
    </ClInclude>
    <ClInclude Include="time_util.hpp">
      <Filter>common</Filter>
    </ClInclude>
    <ClInclude Include="stdafx.h" />
    <ClInclude Include="targetver.h" />
    <ClInclude Include="rc_ptr.hpp">
      <Filter>common</Filter>
    </ClInclude>
    <ClInclude Include="slist.hpp">
      <Filter>common</Filter>
    </ClInclude>
    <ClInclude Include="object_factory.hpp">
      <Filter>common</Filter>
    </ClInclude>
    <ClInclude Include="basic_handle.hpp">
      <Filter>common</Filter>
    </ClInclude>
    <ClInclude Include="container_of.hpp">
      <Filter>common</Filter>
    </ClInclude>
    <ClInclude Include="base64.hpp">
      <Filter>common</Filter>
    </ClInclude>
  </ItemGroup>
  <ItemGroup>
    <ClCompile Include="lib_allocator.cpp">
      <Filter>common</Filter>
    </ClCompile>
    <ClCompile Include="rtti.cpp">
      <Filter>common</Filter>
    </ClCompile>
    <ClCompile Include="string.cpp">
      <Filter>common</Filter>
    </ClCompile>
    <ClCompile Include="time_span.cpp">
      <Filter>common</Filter>
    </ClCompile>
    <ClCompile Include="time_stamp.cpp">
      <Filter>common</Filter>
    </ClCompile>
    <ClCompile Include="time_util.cpp">
      <Filter>common</Filter>
    </ClCompile>
    <ClCompile Include="stdafx.cpp" />
    <ClCompile Include="base64.cpp">
      <Filter>common</Filter>
    </ClCompile>
  </ItemGroup>
  <ItemGroup>
    <Text Include="README" />
  </ItemGroup>
</Project>