<?xml version="1.0" encoding="utf-8"?>
<Project ToolsVersion="4.0" xmlns="http://schemas.microsoft.com/developer/msbuild/2003">
  <ItemGroup>
    <Filter Include="diagnostics">
      <UniqueIdentifier>{93995380-89BD-4b04-88EB-625FBE52EBFB}</UniqueIdentifier>
      <Extensions>h;hh;hpp;hxx;hm;inl;inc;xsd</Extensions>
    </Filter>
  </ItemGroup>
  <ItemGroup>
    <Text Include="ReadMe.txt" />
  </ItemGroup>
  <ItemGroup>
    <ClInclude Include="stdafx.h" />
    <ClInclude Include="targetver.h" />
    <ClInclude Include="posix_category_impl.hpp">
      <Filter>diagnostics</Filter>
    </ClInclude>
    <ClInclude Include="tcode_category_impl.hpp">
      <Filter>diagnostics</Filter>
    </ClInclude>
    <ClInclude Include="tcode_error_code.hpp">
      <Filter>diagnostics</Filter>
    </ClInclude>
    <ClInclude Include="windows_category_impl.hpp">
      <Filter>diagnostics</Filter>
    </ClInclude>
    <ClInclude Include="last_error.hpp">
      <Filter>diagnostics</Filter>
    </ClInclude>
    <ClInclude Include="log\record.hpp">
      <Filter>diagnostics</Filter>
    </ClInclude>
    <ClInclude Include="log\logger.hpp">
      <Filter>diagnostics</Filter>
    </ClInclude>
    <ClInclude Include="log\writer.hpp">
      <Filter>diagnostics</Filter>
    </ClInclude>
    <ClInclude Include="log\formatter.hpp">
      <Filter>diagnostics</Filter>
    </ClInclude>
    <ClInclude Include="log\console_writer.hpp">
      <Filter>diagnostics</Filter>
    </ClInclude>
    <ClInclude Include="log\log.hpp">
      <Filter>diagnostics</Filter>
    </ClInclude>
    <ClInclude Include="log\file_writer.hpp">
      <Filter>diagnostics</Filter>
    </ClInclude>
  </ItemGroup>
  <ItemGroup>
    <ClCompile Include="stdafx.cpp" />
    <ClCompile Include="posix_category_impl.cpp">
      <Filter>diagnostics</Filter>
    </ClCompile>
    <ClCompile Include="tcode_category_impl.cpp">
      <Filter>diagnostics</Filter>
    </ClCompile>
    <ClCompile Include="tcode_error_code.cpp">
      <Filter>diagnostics</Filter>
    </ClCompile>
    <ClCompile Include="windows_category_impl.cpp">
      <Filter>diagnostics</Filter>
    </ClCompile>
    <ClCompile Include="last_error.cpp">
      <Filter>diagnostics</Filter>
    </ClCompile>
    <ClCompile Include="log\record.cpp" />
    <ClCompile Include="log\logger.cpp" />
    <ClCompile Include="log\writer.cpp" />
    <ClCompile Include="log\formatter.cpp" />
    <ClCompile Include="log\console_writer.cpp" />
    <ClCompile Include="log\file_writer.cpp" />
  </ItemGroup>
</Project>